PODS:
  - Capacitor (6.1.2):
    - CapacitorCordova
  - CapacitorCommunityContacts (6.0.6):
    - Capacitor
  - CapacitorCordova (6.1.2)
  - CapacitorPreferences (6.0.2):
    - Capacitor

DEPENDENCIES:
  - "Capacitor (from `../../node_modules/@capacitor/ios`)"
  - "CapacitorCommunityContacts (from `../../node_modules/@capacitor-community/contacts`)"
  - "CapacitorCordova (from `../../node_modules/@capacitor/ios`)"
  - "CapacitorPreferences (from `../../node_modules/@capacitor/preferences`)"

EXTERNAL SOURCES:
  Capacitor:
    :path: "../../node_modules/@capacitor/ios"
  CapacitorCommunityContacts:
    :path: "../../node_modules/@capacitor-community/contacts"
  CapacitorCordova:
    :path: "../../node_modules/@capacitor/ios"
  CapacitorPreferences:
    :path: "../../node_modules/@capacitor/preferences"

SPEC CHECKSUMS:
  Capacitor: 69c7f687aabb8d85e543497411e40638b5cc08c0
  CapacitorCommunityContacts: b00c0cbef76ba9b7fe3002ee6395215d5ac2c88c
  CapacitorCordova: f48c89f96c319101cd2f0ce8a2b7449b5fb8b3dd
  CapacitorPreferences: 997d375b1962f98511e8b3d27a24d90cb8ca87fe

PODFILE CHECKSUM: c5f947a3198c35326b101ea0bedbdf8a983d425e

COCOAPODS: 1.16.2
